
Microsoft Visual Studio Solution File, Format Version 12.00
# Visual Studio Version 17
VisualStudioVersion = 17.5.33424.131
MinimumVisualStudioVersion = 10.0.40219.1
Project("{FAE04EC0-301F-11D3-BF4B-00C04F79EFBC}") = "WindowsForms102", "WindowsForms102.csproj", "{05AB2A8A-0C42-4D2D-A21B-68CACAE10883}"
EndProject
Global
	GlobalSection(SolutionConfigurationPlatforms) = preSolution
		Debug|Any CPU = Debug|Any CPU
		Release|Any CPU = Release|Any CPU
	EndGlobalSection
	GlobalSection(ProjectConfigurationPlatforms) = postSolution
		{05AB2A8A-0C42-4D2D-A21B-68CACAE10883}.Debug|Any CPU.ActiveCfg = Debug|Any CPU
		{05AB2A8A-0C42-4D2D-A21B-68CACAE10883}.Debug|Any CPU.Build.0 = Debug|Any CPU
		{05AB2A8A-0C42-4D2D-A21B-68CACAE10883}.Release|Any CPU.ActiveCfg = Release|Any CPU
		{05AB2A8A-0C42-4D2D-A21B-68CACAE10883}.Release|Any CPU.Build.0 = Release|Any CPU
	EndGlobalSection
	GlobalSection(SolutionProperties) = preSolution
		HideSolutionNode = FALSE
	EndGlobalSection
	GlobalSection(ExtensibilityGlobals) = postSolution
		SolutionGuid = {8086ADBB-A70C-4661-A6A0-CC454C6B26D7}
	EndGlobalSection
EndGlobal
